// !$*UTF8*$!
{
	archiveVersion = 1;
	classes = {
	};
	objectVersion = 45;
	objects = {

/* Begin PBXBuildFile section */
		1DDD58160DA1D0A300B32029 /* MainMenu.xib in Resources */ = {isa = PBXBuildFile; fileRef = 1DDD58140DA1D0A300B32029 /* MainMenu.xib */; };
		2203C0C016FA1DE400D961E1 /* jsmn.c in Sources */ = {isa = PBXBuildFile; fileRef = 2203C05316FA1B9900D961E1 /* jsmn.c */; };
		2203C0C116FA1DE600D961E1 /* jsmn.h in Headers */ = {isa = PBXBuildFile; fileRef = 2203C05216FA1B9900D961E1 /* jsmn.h */; };
		2203C0C416FA1DF400D961E1 /* libjsmn.a in Frameworks */ = {isa = PBXBuildFile; fileRef = 2203C0BD16FA1DD600D961E1 /* libjsmn.a */; };
		2203C0F116FA23F100D961E1 /* JSMNParser.m in Sources */ = {isa = PBXBuildFile; fileRef = 2203C0F016FA23F100D961E1 /* JSMNParser.m */; };
		2209892E172FF59100F291CC /* sync.png in Resources */ = {isa = PBXBuildFile; fileRef = 2209892D172FF59100F291CC /* sync.png */; };
		22098C2D17304A4000F291CC /* failed.png in Resources */ = {isa = PBXBuildFile; fileRef = 22098C2A17304A4000F291CC /* failed.png */; };
		22098C2E17304A4000F291CC /* ok.png in Resources */ = {isa = PBXBuildFile; fileRef = 22098C2B17304A4000F291CC /* ok.png */; };
		22098C2F17304A4000F291CC /* reconnect.png in Resources */ = {isa = PBXBuildFile; fileRef = 22098C2C17304A4000F291CC /* reconnect.png */; };
		22098C3117304AAF00F291CC /* install.png in Resources */ = {isa = PBXBuildFile; fileRef = 22098C3017304AAF00F291CC /* install.png */; };
		22098C4A17304C2100F291CC /* installing.png in Resources */ = {isa = PBXBuildFile; fileRef = 22098C4917304C2100F291CC /* installing.png */; };
		221C23001704DA0C003A44B8 /* Credits.rtf in Resources */ = {isa = PBXBuildFile; fileRef = 221C22FF1704DA0C003A44B8 /* Credits.rtf */; };
		221C29A31714961D003A44B8 /* SMOPDeviceDetector.m in Sources */ = {isa = PBXBuildFile; fileRef = 221C29A21714961D003A44B8 /* SMOPDeviceDetector.m */; };
		221C29BD1714983C003A44B8 /* IOKit.framework in Frameworks */ = {isa = PBXBuildFile; fileRef = 221C29BC1714983C003A44B8 /* IOKit.framework */; };
		22412A1C16F7B268000DE1D7 /* MobileDevice.framework in Frameworks */ = {isa = PBXBuildFile; fileRef = 22412A1B16F7B268000DE1D7 /* MobileDevice.framework */; };
		22412A2C16F7B2C1000DE1D7 /* MobileDevice.h in Headers */ = {isa = PBXBuildFile; fileRef = 22412A2916F7B2C1000DE1D7 /* MobileDevice.h */; };
		22412A3216F7B2D7000DE1D7 /* libMobileDeviceAccess.a in Frameworks */ = {isa = PBXBuildFile; fileRef = 22412A2616F7B28F000DE1D7 /* libMobileDeviceAccess.a */; };
		22412A5816F7C178000DE1D7 /* SMOPInterfaceController.m in Sources */ = {isa = PBXBuildFile; fileRef = 22412A5716F7C178000DE1D7 /* SMOPInterfaceController.m */; };
		22412A7E16F7C658000DE1D7 /* SMOPDeviceManager.m in Sources */ = {isa = PBXBuildFile; fileRef = 22412A7D16F7C658000DE1D7 /* SMOPDeviceManager.m */; };
		22412B0F16F7CE97000DE1D7 /* SMOPSyncProcess.m in Sources */ = {isa = PBXBuildFile; fileRef = 22412B0E16F7CE97000DE1D7 /* SMOPSyncProcess.m */; };
		22412C0716F8E3F5000DE1D7 /* NSAlert+Additions.m in Sources */ = {isa = PBXBuildFile; fileRef = 22412C0616F8E3F5000DE1D7 /* NSAlert+Additions.m */; };
		22412C2616F8EF4C000DE1D7 /* MobileDeviceAccess.h in Headers */ = {isa = PBXBuildFile; fileRef = 22412C2416F8EF4C000DE1D7 /* MobileDeviceAccess.h */; };
		22412C2716F8EF4C000DE1D7 /* MobileDeviceAccess.m in Sources */ = {isa = PBXBuildFile; fileRef = 22412C2516F8EF4C000DE1D7 /* MobileDeviceAccess.m */; };
		22412D0916F90983000DE1D7 /* SMOPContentsItem.m in Sources */ = {isa = PBXBuildFile; fileRef = 22412D0816F90983000DE1D7 /* SMOPContentsItem.m */; };
		229C80CB173D1E350024AE1E /* ioapi.c in Sources */ = {isa = PBXBuildFile; fileRef = 229C80C1173D1E350024AE1E /* ioapi.c */; };
		229C80CC173D1E350024AE1E /* mztools.c in Sources */ = {isa = PBXBuildFile; fileRef = 229C80C3173D1E350024AE1E /* mztools.c */; };
		229C80CD173D1E350024AE1E /* unzip.c in Sources */ = {isa = PBXBuildFile; fileRef = 229C80C5173D1E350024AE1E /* unzip.c */; };
		229C80CE173D1E350024AE1E /* zip.c in Sources */ = {isa = PBXBuildFile; fileRef = 229C80C7173D1E350024AE1E /* zip.c */; };
		229C80CF173D1E350024AE1E /* ZipArchive.mm in Sources */ = {isa = PBXBuildFile; fileRef = 229C80CA173D1E350024AE1E /* ZipArchive.mm */; };
		229C80DB173D1E910024AE1E /* libz.dylib in Frameworks */ = {isa = PBXBuildFile; fileRef = 229C8073173962790024AE1E /* libz.dylib */; };
		8D11072B0486CEB800E47090 /* InfoPlist.strings in Resources */ = {isa = PBXBuildFile; fileRef = 089C165CFE840E0CC02AAC07 /* InfoPlist.strings */; };
		8D11072D0486CEB800E47090 /* main.m in Sources */ = {isa = PBXBuildFile; fileRef = 29B97316FDCFA39411CA2CEA /* main.m */; settings = {ATTRIBUTES = (); }; };
		8D11072F0486CEB800E47090 /* Cocoa.framework in Frameworks */ = {isa = PBXBuildFile; fileRef = 1058C7A1FEA54F0111CA2CBB /* Cocoa.framework */; };
/* End PBXBuildFile section */

/* Begin PBXContainerItemProxy section */
		2203C0C216FA1DEB00D961E1 /* PBXContainerItemProxy */ = {
			isa = PBXContainerItemProxy;
			containerPortal = 29B97313FDCFA39411CA2CEA /* Project object */;
			proxyType = 1;
			remoteGlobalIDString = 2203C0BC16FA1DD600D961E1;
			remoteInfo = jsmn;
		};
		22412A3316F7B2DA000DE1D7 /* PBXContainerItemProxy */ = {
			isa = PBXContainerItemProxy;
			containerPortal = 29B97313FDCFA39411CA2CEA /* Project object */;
			proxyType = 1;
			remoteGlobalIDString = 22412A2516F7B28F000DE1D7;
			remoteInfo = MobileDeviceAccess;
		};
/* End PBXContainerItemProxy section */

/* Begin PBXFileReference section */
		089C165DFE840E0CC02AAC07 /* English */ = {isa = PBXFileReference; fileEncoding = 4; lastKnownFileType = text.plist.strings; name = English; path = English.lproj/InfoPlist.strings; sourceTree = "<group>"; };
		1058C7A1FEA54F0111CA2CBB /* Cocoa.framework */ = {isa = PBXFileReference; lastKnownFileType = wrapper.framework; name = Cocoa.framework; path = /System/Library/Frameworks/Cocoa.framework; sourceTree = "<absolute>"; };
		13E42FB307B3F0F600E4EEF1 /* CoreData.framework */ = {isa = PBXFileReference; lastKnownFileType = wrapper.framework; name = CoreData.framework; path = /System/Library/Frameworks/CoreData.framework; sourceTree = "<absolute>"; };
		1DDD58150DA1D0A300B32029 /* English */ = {isa = PBXFileReference; lastKnownFileType = file.xib; name = English; path = English.lproj/MainMenu.xib; sourceTree = "<group>"; };
		2203C05216FA1B9900D961E1 /* jsmn.h */ = {isa = PBXFileReference; fileEncoding = 4; lastKnownFileType = sourcecode.c.h; path = jsmn.h; sourceTree = "<group>"; };
		2203C05316FA1B9900D961E1 /* jsmn.c */ = {isa = PBXFileReference; fileEncoding = 4; lastKnownFileType = sourcecode.c.c; path = jsmn.c; sourceTree = "<group>"; };
		2203C0BD16FA1DD600D961E1 /* libjsmn.a */ = {isa = PBXFileReference; explicitFileType = archive.ar; includeInIndex = 0; path = libjsmn.a; sourceTree = BUILT_PRODUCTS_DIR; };
		2203C0EF16FA23F100D961E1 /* JSMNParser.h */ = {isa = PBXFileReference; fileEncoding = 4; lastKnownFileType = sourcecode.c.h; path = JSMNParser.h; sourceTree = "<group>"; };
		2203C0F016FA23F100D961E1 /* JSMNParser.m */ = {isa = PBXFileReference; fileEncoding = 4; lastKnownFileType = sourcecode.c.objc; path = JSMNParser.m; sourceTree = "<group>"; };
		2209892D172FF59100F291CC /* sync.png */ = {isa = PBXFileReference; lastKnownFileType = image.png; path = sync.png; sourceTree = "<group>"; };
		22098C2A17304A4000F291CC /* failed.png */ = {isa = PBXFileReference; lastKnownFileType = image.png; path = failed.png; sourceTree = "<group>"; };
		22098C2B17304A4000F291CC /* ok.png */ = {isa = PBXFileReference; lastKnownFileType = image.png; path = ok.png; sourceTree = "<group>"; };
		22098C2C17304A4000F291CC /* reconnect.png */ = {isa = PBXFileReference; lastKnownFileType = image.png; path = reconnect.png; sourceTree = "<group>"; };
		22098C3017304AAF00F291CC /* install.png */ = {isa = PBXFileReference; lastKnownFileType = image.png; path = install.png; sourceTree = "<group>"; };
		22098C4917304C2100F291CC /* installing.png */ = {isa = PBXFileReference; lastKnownFileType = image.png; path = installing.png; sourceTree = "<group>"; };
		221C22FF1704DA0C003A44B8 /* Credits.rtf */ = {isa = PBXFileReference; lastKnownFileType = text.rtf; path = Credits.rtf; sourceTree = "<group>"; };
		221C29A11714961D003A44B8 /* SMOPDeviceDetector.h */ = {isa = PBXFileReference; fileEncoding = 4; lastKnownFileType = sourcecode.c.h; path = SMOPDeviceDetector.h; sourceTree = "<group>"; };
		221C29A21714961D003A44B8 /* SMOPDeviceDetector.m */ = {isa = PBXFileReference; fileEncoding = 4; lastKnownFileType = sourcecode.c.objc; path = SMOPDeviceDetector.m; sourceTree = "<group>"; };
		221C29BC1714983C003A44B8 /* IOKit.framework */ = {isa = PBXFileReference; lastKnownFileType = wrapper.framework; name = IOKit.framework; path = System/Library/Frameworks/IOKit.framework; sourceTree = SDKROOT; };
		22412A1B16F7B268000DE1D7 /* MobileDevice.framework */ = {isa = PBXFileReference; lastKnownFileType = wrapper.framework; name = MobileDevice.framework; path = /System/Library/PrivateFrameworks/MobileDevice.framework; sourceTree = "<absolute>"; };
		22412A2616F7B28F000DE1D7 /* libMobileDeviceAccess.a */ = {isa = PBXFileReference; explicitFileType = archive.ar; includeInIndex = 0; path = libMobileDeviceAccess.a; sourceTree = BUILT_PRODUCTS_DIR; };
		22412A2916F7B2C1000DE1D7 /* MobileDevice.h */ = {isa = PBXFileReference; fileEncoding = 4; lastKnownFileType = sourcecode.c.h; path = MobileDevice.h; sourceTree = "<group>"; };
		22412A5616F7C178000DE1D7 /* SMOPInterfaceController.h */ = {isa = PBXFileReference; fileEncoding = 4; lastKnownFileType = sourcecode.c.h; path = SMOPInterfaceController.h; sourceTree = "<group>"; };
		22412A5716F7C178000DE1D7 /* SMOPInterfaceController.m */ = {isa = PBXFileReference; fileEncoding = 4; lastKnownFileType = sourcecode.c.objc; path = SMOPInterfaceController.m; sourceTree = "<group>"; };
		22412A5F16F7C282000DE1D7 /* SMOPFunctions.h */ = {isa = PBXFileReference; fileEncoding = 4; lastKnownFileType = sourcecode.c.h; path = SMOPFunctions.h; sourceTree = "<group>"; };
		22412A7C16F7C658000DE1D7 /* SMOPDeviceManager.h */ = {isa = PBXFileReference; fileEncoding = 4; lastKnownFileType = sourcecode.c.h; path = SMOPDeviceManager.h; sourceTree = "<group>"; };
		22412A7D16F7C658000DE1D7 /* SMOPDeviceManager.m */ = {isa = PBXFileReference; fileEncoding = 4; lastKnownFileType = sourcecode.c.objc; path = SMOPDeviceManager.m; sourceTree = "<group>"; };
		22412AA416F7C962000DE1D7 /* SMOPDefines.h */ = {isa = PBXFileReference; fileEncoding = 4; lastKnownFileType = sourcecode.c.h; path = SMOPDefines.h; sourceTree = "<group>"; };
		22412B0D16F7CE97000DE1D7 /* SMOPSyncProcess.h */ = {isa = PBXFileReference; fileEncoding = 4; lastKnownFileType = sourcecode.c.h; path = SMOPSyncProcess.h; sourceTree = "<group>"; };
		22412B0E16F7CE97000DE1D7 /* SMOPSyncProcess.m */ = {isa = PBXFileReference; fileEncoding = 4; lastKnownFileType = sourcecode.c.objc; path = SMOPSyncProcess.m; sourceTree = "<group>"; };
		22412C0516F8E3F5000DE1D7 /* NSAlert+Additions.h */ = {isa = PBXFileReference; fileEncoding = 4; lastKnownFileType = sourcecode.c.h; path = "NSAlert+Additions.h"; sourceTree = "<group>"; };
		22412C0616F8E3F5000DE1D7 /* NSAlert+Additions.m */ = {isa = PBXFileReference; fileEncoding = 4; lastKnownFileType = sourcecode.c.objc; path = "NSAlert+Additions.m"; sourceTree = "<group>"; };
		22412C2416F8EF4C000DE1D7 /* MobileDeviceAccess.h */ = {isa = PBXFileReference; fileEncoding = 4; lastKnownFileType = sourcecode.c.h; path = MobileDeviceAccess.h; sourceTree = "<group>"; };
		22412C2516F8EF4C000DE1D7 /* MobileDeviceAccess.m */ = {isa = PBXFileReference; fileEncoding = 4; lastKnownFileType = sourcecode.c.objc; path = MobileDeviceAccess.m; sourceTree = "<group>"; };
		22412D0716F90983000DE1D7 /* SMOPContentsItem.h */ = {isa = PBXFileReference; fileEncoding = 4; lastKnownFileType = sourcecode.c.h; path = SMOPContentsItem.h; sourceTree = "<group>"; };
		22412D0816F90983000DE1D7 /* SMOPContentsItem.m */ = {isa = PBXFileReference; fileEncoding = 4; lastKnownFileType = sourcecode.c.objc; path = SMOPContentsItem.m; sourceTree = "<group>"; };
		229C8073173962790024AE1E /* libz.dylib */ = {isa = PBXFileReference; lastKnownFileType = "compiled.mach-o.dylib"; name = libz.dylib; path = usr/lib/libz.dylib; sourceTree = SDKROOT; };
		229C80C0173D1E350024AE1E /* crypt.h */ = {isa = PBXFileReference; fileEncoding = 4; lastKnownFileType = sourcecode.c.h; path = crypt.h; sourceTree = "<group>"; };
		229C80C1173D1E350024AE1E /* ioapi.c */ = {isa = PBXFileReference; fileEncoding = 4; lastKnownFileType = sourcecode.c.c; path = ioapi.c; sourceTree = "<group>"; };
		229C80C2173D1E350024AE1E /* ioapi.h */ = {isa = PBXFileReference; fileEncoding = 4; lastKnownFileType = sourcecode.c.h; path = ioapi.h; sourceTree = "<group>"; };
		229C80C3173D1E350024AE1E /* mztools.c */ = {isa = PBXFileReference; fileEncoding = 4; lastKnownFileType = sourcecode.c.c; path = mztools.c; sourceTree = "<group>"; };
		229C80C4173D1E350024AE1E /* mztools.h */ = {isa = PBXFileReference; fileEncoding = 4; lastKnownFileType = sourcecode.c.h; path = mztools.h; sourceTree = "<group>"; };
		229C80C5173D1E350024AE1E /* unzip.c */ = {isa = PBXFileReference; fileEncoding = 4; lastKnownFileType = sourcecode.c.c; path = unzip.c; sourceTree = "<group>"; };
		229C80C6173D1E350024AE1E /* unzip.h */ = {isa = PBXFileReference; fileEncoding = 4; lastKnownFileType = sourcecode.c.h; path = unzip.h; sourceTree = "<group>"; };
		229C80C7173D1E350024AE1E /* zip.c */ = {isa = PBXFileReference; fileEncoding = 4; lastKnownFileType = sourcecode.c.c; path = zip.c; sourceTree = "<group>"; };
		229C80C8173D1E350024AE1E /* zip.h */ = {isa = PBXFileReference; fileEncoding = 4; lastKnownFileType = sourcecode.c.h; path = zip.h; sourceTree = "<group>"; };
		229C80C9173D1E350024AE1E /* ZipArchive.h */ = {isa = PBXFileReference; fileEncoding = 4; lastKnownFileType = sourcecode.c.h; path = ZipArchive.h; sourceTree = "<group>"; };
		229C80CA173D1E350024AE1E /* ZipArchive.mm */ = {isa = PBXFileReference; fileEncoding = 4; lastKnownFileType = sourcecode.cpp.objcpp; path = ZipArchive.mm; sourceTree = "<group>"; };
		256AC3F00F4B6AF500CF3369 /* SM1Password_Sync_Prefix.pch */ = {isa = PBXFileReference; fileEncoding = 4; lastKnownFileType = sourcecode.c.h; path = SM1Password_Sync_Prefix.pch; sourceTree = "<group>"; };
		29B97316FDCFA39411CA2CEA /* main.m */ = {isa = PBXFileReference; fileEncoding = 4; lastKnownFileType = sourcecode.c.objc; path = main.m; sourceTree = "<group>"; };
		29B97324FDCFA39411CA2CEA /* AppKit.framework */ = {isa = PBXFileReference; lastKnownFileType = wrapper.framework; name = AppKit.framework; path = /System/Library/Frameworks/AppKit.framework; sourceTree = "<absolute>"; };
		29B97325FDCFA39411CA2CEA /* Foundation.framework */ = {isa = PBXFileReference; lastKnownFileType = wrapper.framework; name = Foundation.framework; path = /System/Library/Frameworks/Foundation.framework; sourceTree = "<absolute>"; };
		8D1107310486CEB800E47090 /* SM1Password_Sync-Info.plist */ = {isa = PBXFileReference; fileEncoding = 4; lastKnownFileType = text.plist.xml; path = "SM1Password_Sync-Info.plist"; sourceTree = "<group>"; };
		8D1107320486CEB800E47090 /* SM1Password Sync.app */ = {isa = PBXFileReference; explicitFileType = wrapper.application; includeInIndex = 0; path = "SM1Password Sync.app"; sourceTree = BUILT_PRODUCTS_DIR; };
/* End PBXFileReference section */

/* Begin PBXFrameworksBuildPhase section */
		2203C0BB16FA1DD600D961E1 /* Frameworks */ = {
			isa = PBXFrameworksBuildPhase;
			buildActionMask = 2147483647;
			files = (
			);
			runOnlyForDeploymentPostprocessing = 0;
		};
		22412A2416F7B28F000DE1D7 /* Frameworks */ = {
			isa = PBXFrameworksBuildPhase;
			buildActionMask = 2147483647;
			files = (
			);
			runOnlyForDeploymentPostprocessing = 0;
		};
		8D11072E0486CEB800E47090 /* Frameworks */ = {
			isa = PBXFrameworksBuildPhase;
			buildActionMask = 2147483647;
			files = (
				22412A3216F7B2D7000DE1D7 /* libMobileDeviceAccess.a in Frameworks */,
				8D11072F0486CEB800E47090 /* Cocoa.framework in Frameworks */,
				22412A1C16F7B268000DE1D7 /* MobileDevice.framework in Frameworks */,
				2203C0C416FA1DF400D961E1 /* libjsmn.a in Frameworks */,
				221C29BD1714983C003A44B8 /* IOKit.framework in Frameworks */,
				229C80DB173D1E910024AE1E /* libz.dylib in Frameworks */,
			);
			runOnlyForDeploymentPostprocessing = 0;
		};
/* End PBXFrameworksBuildPhase section */

/* Begin PBXGroup section */
		080E96DDFE201D6D7F000001 /* Classes */ = {
			isa = PBXGroup;
			children = (
				229C80BE173D1E350024AE1E /* ZipArchive */,
				22412C0316F8E3C9000DE1D7 /* Additions */,
				22412AA416F7C962000DE1D7 /* SMOPDefines.h */,
				22412A5F16F7C282000DE1D7 /* SMOPFunctions.h */,
				22412A5616F7C178000DE1D7 /* SMOPInterfaceController.h */,
				22412A5716F7C178000DE1D7 /* SMOPInterfaceController.m */,
				22412A7C16F7C658000DE1D7 /* SMOPDeviceManager.h */,
				22412A7D16F7C658000DE1D7 /* SMOPDeviceManager.m */,
				22412B0D16F7CE97000DE1D7 /* SMOPSyncProcess.h */,
				22412B0E16F7CE97000DE1D7 /* SMOPSyncProcess.m */,
				22412D0716F90983000DE1D7 /* SMOPContentsItem.h */,
				22412D0816F90983000DE1D7 /* SMOPContentsItem.m */,
				2203C0EF16FA23F100D961E1 /* JSMNParser.h */,
				2203C0F016FA23F100D961E1 /* JSMNParser.m */,
				221C29A11714961D003A44B8 /* SMOPDeviceDetector.h */,
				221C29A21714961D003A44B8 /* SMOPDeviceDetector.m */,
			);
			path = Classes;
			sourceTree = "<group>";
		};
		1058C7A0FEA54F0111CA2CBB /* Linked Frameworks */ = {
			isa = PBXGroup;
			children = (
				229C8073173962790024AE1E /* libz.dylib */,
				221C29BC1714983C003A44B8 /* IOKit.framework */,
				1058C7A1FEA54F0111CA2CBB /* Cocoa.framework */,
				22412A1B16F7B268000DE1D7 /* MobileDevice.framework */,
			);
			name = "Linked Frameworks";
			sourceTree = "<group>";
		};
		1058C7A2FEA54F0111CA2CBB /* Other Frameworks */ = {
			isa = PBXGroup;
			children = (
				29B97324FDCFA39411CA2CEA /* AppKit.framework */,
				13E42FB307B3F0F600E4EEF1 /* CoreData.framework */,
				29B97325FDCFA39411CA2CEA /* Foundation.framework */,
			);
			name = "Other Frameworks";
			sourceTree = "<group>";
		};
		19C28FACFE9D520D11CA2CBB /* Products */ = {
			isa = PBXGroup;
			children = (
				8D1107320486CEB800E47090 /* SM1Password Sync.app */,
				22412A2616F7B28F000DE1D7 /* libMobileDeviceAccess.a */,
				2203C0BD16FA1DD600D961E1 /* libjsmn.a */,
			);
			name = Products;
			sourceTree = "<group>";
		};
		2203C05116FA1B8300D961E1 /* jsmn */ = {
			isa = PBXGroup;
			children = (
				2203C05216FA1B9900D961E1 /* jsmn.h */,
				2203C05316FA1B9900D961E1 /* jsmn.c */,
			);
			path = jsmn;
			sourceTree = "<group>";
		};
		2209892C172FF59100F291CC /* Resources */ = {
			isa = PBXGroup;
			children = (
				22098C4917304C2100F291CC /* installing.png */,
				22098C3017304AAF00F291CC /* install.png */,
				22098C2A17304A4000F291CC /* failed.png */,
				22098C2B17304A4000F291CC /* ok.png */,
				22098C2C17304A4000F291CC /* reconnect.png */,
				2209892D172FF59100F291CC /* sync.png */,
			);
			path = Resources;
			sourceTree = "<group>";
		};
		22412A3716F7B302000DE1D7 /* MobileDeviceAccess */ = {
			isa = PBXGroup;
			children = (
				22412A2916F7B2C1000DE1D7 /* MobileDevice.h */,
				22412C2416F8EF4C000DE1D7 /* MobileDeviceAccess.h */,
				22412C2516F8EF4C000DE1D7 /* MobileDeviceAccess.m */,
			);
			path = MobileDeviceAccess;
			sourceTree = "<group>";
		};
		22412C0316F8E3C9000DE1D7 /* Additions */ = {
			isa = PBXGroup;
			children = (
				22412C0516F8E3F5000DE1D7 /* NSAlert+Additions.h */,
				22412C0616F8E3F5000DE1D7 /* NSAlert+Additions.m */,
			);
			path = Additions;
			sourceTree = "<group>";
		};
		229C80BE173D1E350024AE1E /* ZipArchive */ = {
			isa = PBXGroup;
			children = (
				229C80BF173D1E350024AE1E /* minizip */,
				229C80C9173D1E350024AE1E /* ZipArchive.h */,
				229C80CA173D1E350024AE1E /* ZipArchive.mm */,
			);
			path = ZipArchive;
			sourceTree = SOURCE_ROOT;
		};
		229C80BF173D1E350024AE1E /* minizip */ = {
			isa = PBXGroup;
			children = (
				229C80C0173D1E350024AE1E /* crypt.h */,
				229C80C1173D1E350024AE1E /* ioapi.c */,
				229C80C2173D1E350024AE1E /* ioapi.h */,
				229C80C3173D1E350024AE1E /* mztools.c */,
				229C80C4173D1E350024AE1E /* mztools.h */,
				229C80C5173D1E350024AE1E /* unzip.c */,
				229C80C6173D1E350024AE1E /* unzip.h */,
				229C80C7173D1E350024AE1E /* zip.c */,
				229C80C8173D1E350024AE1E /* zip.h */,
			);
			path = minizip;
			sourceTree = "<group>";
		};
		29B97314FDCFA39411CA2CEA /* SM1Password Sync */ = {
			isa = PBXGroup;
			children = (
				2209892C172FF59100F291CC /* Resources */,
				080E96DDFE201D6D7F000001 /* Classes */,
				2203C05116FA1B8300D961E1 /* jsmn */,
				22412A3716F7B302000DE1D7 /* MobileDeviceAccess */,
				29B97315FDCFA39411CA2CEA /* Other Sources */,
				29B97317FDCFA39411CA2CEA /* Resources */,
				29B97323FDCFA39411CA2CEA /* Frameworks */,
				19C28FACFE9D520D11CA2CBB /* Products */,
			);
			name = "SM1Password Sync";
			sourceTree = "<group>";
		};
		29B97315FDCFA39411CA2CEA /* Other Sources */ = {
			isa = PBXGroup;
			children = (
				256AC3F00F4B6AF500CF3369 /* SM1Password_Sync_Prefix.pch */,
				29B97316FDCFA39411CA2CEA /* main.m */,
			);
			name = "Other Sources";
			sourceTree = "<group>";
		};
		29B97317FDCFA39411CA2CEA /* Resources */ = {
			isa = PBXGroup;
			children = (
				8D1107310486CEB800E47090 /* SM1Password_Sync-Info.plist */,
				089C165CFE840E0CC02AAC07 /* InfoPlist.strings */,
				1DDD58140DA1D0A300B32029 /* MainMenu.xib */,
				221C22FF1704DA0C003A44B8 /* Credits.rtf */,
			);
			name = Resources;
			sourceTree = "<group>";
		};
		29B97323FDCFA39411CA2CEA /* Frameworks */ = {
			isa = PBXGroup;
			children = (
				1058C7A0FEA54F0111CA2CBB /* Linked Frameworks */,
				1058C7A2FEA54F0111CA2CBB /* Other Frameworks */,
			);
			name = Frameworks;
			sourceTree = "<group>";
		};
/* End PBXGroup section */

/* Begin PBXHeadersBuildPhase section */
		2203C0B916FA1DD600D961E1 /* Headers */ = {
			isa = PBXHeadersBuildPhase;
			buildActionMask = 2147483647;
			files = (
				2203C0C116FA1DE600D961E1 /* jsmn.h in Headers */,
			);
			runOnlyForDeploymentPostprocessing = 0;
		};
		22412A2216F7B28F000DE1D7 /* Headers */ = {
			isa = PBXHeadersBuildPhase;
			buildActionMask = 2147483647;
			files = (
				22412A2C16F7B2C1000DE1D7 /* MobileDevice.h in Headers */,
				22412C2616F8EF4C000DE1D7 /* MobileDeviceAccess.h in Headers */,
			);
			runOnlyForDeploymentPostprocessing = 0;
		};
/* End PBXHeadersBuildPhase section */

/* Begin PBXNativeTarget section */
		2203C0BC16FA1DD600D961E1 /* jsmn */ = {
			isa = PBXNativeTarget;
			buildConfigurationList = 2203C0CF16FA1E0C00D961E1 /* Build configuration list for PBXNativeTarget "jsmn" */;
			buildPhases = (
				2203C0B916FA1DD600D961E1 /* Headers */,
				2203C0BA16FA1DD600D961E1 /* Sources */,
				2203C0BB16FA1DD600D961E1 /* Frameworks */,
			);
			buildRules = (
			);
			dependencies = (
			);
			name = jsmn;
			productName = jsmn;
			productReference = 2203C0BD16FA1DD600D961E1 /* libjsmn.a */;
			productType = "com.apple.product-type.library.static";
		};
		22412A2516F7B28F000DE1D7 /* MobileDeviceAccess */ = {
			isa = PBXNativeTarget;
			buildConfigurationList = 22412A2F16F7B2C1000DE1D7 /* Build configuration list for PBXNativeTarget "MobileDeviceAccess" */;
			buildPhases = (
				22412A2216F7B28F000DE1D7 /* Headers */,
				22412A2316F7B28F000DE1D7 /* Sources */,
				22412A2416F7B28F000DE1D7 /* Frameworks */,
			);
			buildRules = (
			);
			dependencies = (
			);
			name = MobileDeviceAccess;
			productName = MobileDeviceAccess;
			productReference = 22412A2616F7B28F000DE1D7 /* libMobileDeviceAccess.a */;
			productType = "com.apple.product-type.library.static";
		};
		8D1107260486CEB800E47090 /* SM1Password Sync */ = {
			isa = PBXNativeTarget;
			buildConfigurationList = C01FCF4A08A954540054247B /* Build configuration list for PBXNativeTarget "SM1Password Sync" */;
			buildPhases = (
				8D1107290486CEB800E47090 /* Resources */,
				8D11072C0486CEB800E47090 /* Sources */,
				8D11072E0486CEB800E47090 /* Frameworks */,
			);
			buildRules = (
			);
			dependencies = (
				2203C0C316FA1DEB00D961E1 /* PBXTargetDependency */,
				22412A3416F7B2DA000DE1D7 /* PBXTargetDependency */,
			);
			name = "SM1Password Sync";
			productInstallPath = "$(HOME)/Applications";
			productName = "SM1Password Sync";
			productReference = 8D1107320486CEB800E47090 /* SM1Password Sync.app */;
			productType = "com.apple.product-type.application";
		};
/* End PBXNativeTarget section */

/* Begin PBXProject section */
		29B97313FDCFA39411CA2CEA /* Project object */ = {
			isa = PBXProject;
			buildConfigurationList = C01FCF4E08A954540054247B /* Build configuration list for PBXProject "SM1Password Sync" */;
			compatibilityVersion = "Xcode 3.1";
			developmentRegion = English;
			hasScannedForEncodings = 1;
			knownRegions = (
				English,
				Japanese,
				French,
				German,
			);
			mainGroup = 29B97314FDCFA39411CA2CEA /* SM1Password Sync */;
			projectDirPath = "";
			projectRoot = "";
			targets = (
				8D1107260486CEB800E47090 /* SM1Password Sync */,
				22412A2516F7B28F000DE1D7 /* MobileDeviceAccess */,
				2203C0BC16FA1DD600D961E1 /* jsmn */,
			);
		};
/* End PBXProject section */

/* Begin PBXResourcesBuildPhase section */
		8D1107290486CEB800E47090 /* Resources */ = {
			isa = PBXResourcesBuildPhase;
			buildActionMask = 2147483647;
			files = (
				8D11072B0486CEB800E47090 /* InfoPlist.strings in Resources */,
				1DDD58160DA1D0A300B32029 /* MainMenu.xib in Resources */,
				221C23001704DA0C003A44B8 /* Credits.rtf in Resources */,
				2209892E172FF59100F291CC /* sync.png in Resources */,
				22098C2D17304A4000F291CC /* failed.png in Resources */,
				22098C2E17304A4000F291CC /* ok.png in Resources */,
				22098C2F17304A4000F291CC /* reconnect.png in Resources */,
				22098C3117304AAF00F291CC /* install.png in Resources */,
				22098C4A17304C2100F291CC /* installing.png in Resources */,
			);
			runOnlyForDeploymentPostprocessing = 0;
		};
/* End PBXResourcesBuildPhase section */

/* Begin PBXSourcesBuildPhase section */
		2203C0BA16FA1DD600D961E1 /* Sources */ = {
			isa = PBXSourcesBuildPhase;
			buildActionMask = 2147483647;
			files = (
				2203C0C016FA1DE400D961E1 /* jsmn.c in Sources */,
			);
			runOnlyForDeploymentPostprocessing = 0;
		};
		22412A2316F7B28F000DE1D7 /* Sources */ = {
			isa = PBXSourcesBuildPhase;
			buildActionMask = 2147483647;
			files = (
				22412C2716F8EF4C000DE1D7 /* MobileDeviceAccess.m in Sources */,
			);
			runOnlyForDeploymentPostprocessing = 0;
		};
		8D11072C0486CEB800E47090 /* Sources */ = {
			isa = PBXSourcesBuildPhase;
			buildActionMask = 2147483647;
			files = (
				8D11072D0486CEB800E47090 /* main.m in Sources */,
				22412A5816F7C178000DE1D7 /* SMOPInterfaceController.m in Sources */,
				22412A7E16F7C658000DE1D7 /* SMOPDeviceManager.m in Sources */,
				22412B0F16F7CE97000DE1D7 /* SMOPSyncProcess.m in Sources */,
				22412C0716F8E3F5000DE1D7 /* NSAlert+Additions.m in Sources */,
				22412D0916F90983000DE1D7 /* SMOPContentsItem.m in Sources */,
				2203C0F116FA23F100D961E1 /* JSMNParser.m in Sources */,
				221C29A31714961D003A44B8 /* SMOPDeviceDetector.m in Sources */,
				229C80CB173D1E350024AE1E /* ioapi.c in Sources */,
				229C80CC173D1E350024AE1E /* mztools.c in Sources */,
				229C80CD173D1E350024AE1E /* unzip.c in Sources */,
				229C80CE173D1E350024AE1E /* zip.c in Sources */,
				229C80CF173D1E350024AE1E /* ZipArchive.mm in Sources */,
			);
			runOnlyForDeploymentPostprocessing = 0;
		};
/* End PBXSourcesBuildPhase section */

/* Begin PBXTargetDependency section */
		2203C0C316FA1DEB00D961E1 /* PBXTargetDependency */ = {
			isa = PBXTargetDependency;
			target = 2203C0BC16FA1DD600D961E1 /* jsmn */;
			targetProxy = 2203C0C216FA1DEB00D961E1 /* PBXContainerItemProxy */;
		};
		22412A3416F7B2DA000DE1D7 /* PBXTargetDependency */ = {
			isa = PBXTargetDependency;
			target = 22412A2516F7B28F000DE1D7 /* MobileDeviceAccess */;
			targetProxy = 22412A3316F7B2DA000DE1D7 /* PBXContainerItemProxy */;
		};
/* End PBXTargetDependency section */

/* Begin PBXVariantGroup section */
		089C165CFE840E0CC02AAC07 /* InfoPlist.strings */ = {
			isa = PBXVariantGroup;
			children = (
				089C165DFE840E0CC02AAC07 /* English */,
			);
			name = InfoPlist.strings;
			sourceTree = "<group>";
		};
		1DDD58140DA1D0A300B32029 /* MainMenu.xib */ = {
			isa = PBXVariantGroup;
			children = (
				1DDD58150DA1D0A300B32029 /* English */,
			);
			name = MainMenu.xib;
			sourceTree = "<group>";
		};
/* End PBXVariantGroup section */

/* Begin XCBuildConfiguration section */
		2203C0BE16FA1DD600D961E1 /* Debug */ = {
			isa = XCBuildConfiguration;
			buildSettings = {
				ALWAYS_SEARCH_USER_PATHS = NO;
				ARCHS = "$(ARCHS_STANDARD_64_BIT)";
				COPY_PHASE_STRIP = NO;
				GCC_DYNAMIC_NO_PIC = NO;
				GCC_ENABLE_FIX_AND_CONTINUE = YES;
				GCC_MODEL_TUNING = G5;
				GCC_OPTIMIZATION_LEVEL = 0;
				GCC_VERSION = com.apple.compilers.llvm.clang.1_0;
				INSTALL_PATH = /usr/local/lib;
				PREBINDING = NO;
				PRODUCT_NAME = jsmn;
			};
			name = Debug;
		};
		2203C0BF16FA1DD600D961E1 /* Release */ = {
			isa = XCBuildConfiguration;
			buildSettings = {
				ALWAYS_SEARCH_USER_PATHS = NO;
				ARCHS = "$(ARCHS_STANDARD_64_BIT)";
				COPY_PHASE_STRIP = YES;
				DEBUG_INFORMATION_FORMAT = "dwarf-with-dsym";
				GCC_ENABLE_FIX_AND_CONTINUE = NO;
				GCC_MODEL_TUNING = G5;
				GCC_VERSION = com.apple.compilers.llvm.clang.1_0;
				INSTALL_PATH = /usr/local/lib;
				PREBINDING = NO;
				PRODUCT_NAME = jsmn;
				ZERO_LINK = NO;
			};
			name = Release;
		};
		22412A2716F7B28F000DE1D7 /* Debug */ = {
			isa = XCBuildConfiguration;
			buildSettings = {
				ALWAYS_SEARCH_USER_PATHS = NO;
				ARCHS = "$(ARCHS_STANDARD_64_BIT)";
				COPY_PHASE_STRIP = NO;
				GCC_DYNAMIC_NO_PIC = NO;
				GCC_ENABLE_FIX_AND_CONTINUE = YES;
				GCC_MODEL_TUNING = G5;
				GCC_OPTIMIZATION_LEVEL = 0;
				GCC_PRECOMPILE_PREFIX_HEADER = YES;
				GCC_PREFIX_HEADER = "$(SYSTEM_LIBRARY_DIR)/Frameworks/AppKit.framework/Headers/AppKit.h";
				GCC_VERSION = com.apple.compilers.llvm.clang.1_0;
				INSTALL_PATH = /usr/local/lib;
				OTHER_LDFLAGS = (
					"-framework",
					Foundation,
					"-framework",
					AppKit,
				);
				PREBINDING = NO;
				PRODUCT_NAME = MobileDeviceAccess;
			};
			name = Debug;
		};
		22412A2816F7B28F000DE1D7 /* Release */ = {
			isa = XCBuildConfiguration;
			buildSettings = {
				ALWAYS_SEARCH_USER_PATHS = NO;
				ARCHS = "$(ARCHS_STANDARD_64_BIT)";
				COPY_PHASE_STRIP = YES;
				DEBUG_INFORMATION_FORMAT = "dwarf-with-dsym";
				GCC_ENABLE_FIX_AND_CONTINUE = NO;
				GCC_MODEL_TUNING = G5;
				GCC_PRECOMPILE_PREFIX_HEADER = YES;
				GCC_PREFIX_HEADER = "$(SYSTEM_LIBRARY_DIR)/Frameworks/AppKit.framework/Headers/AppKit.h";
				GCC_VERSION = com.apple.compilers.llvm.clang.1_0;
				INSTALL_PATH = /usr/local/lib;
				OTHER_LDFLAGS = (
					"-framework",
					Foundation,
					"-framework",
					AppKit,
				);
				PREBINDING = NO;
				PRODUCT_NAME = MobileDeviceAccess;
				ZERO_LINK = NO;
			};
			name = Release;
		};
		C01FCF4B08A954540054247B /* Debug */ = {
			isa = XCBuildConfiguration;
			buildSettings = {
				ALWAYS_SEARCH_USER_PATHS = NO;
				ARCHS = "$(ARCHS_STANDARD_64_BIT)";
				COPY_PHASE_STRIP = NO;
				FRAMEWORK_SEARCH_PATHS = (
					"$(inherited)",
					"\"$(SYSTEM_LIBRARY_DIR)/PrivateFrameworks\"",
				);
				GCC_DYNAMIC_NO_PIC = NO;
				GCC_ENABLE_FIX_AND_CONTINUE = YES;
				GCC_MODEL_TUNING = G5;
				GCC_OPTIMIZATION_LEVEL = 3;
				GCC_PRECOMPILE_PREFIX_HEADER = YES;
				GCC_PREFIX_HEADER = SM1Password_Sync_Prefix.pch;
				GCC_VERSION = com.apple.compilers.llvm.clang.1_0;
				INFOPLIST_FILE = "SM1Password_Sync-Info.plist";
				INSTALL_PATH = "$(HOME)/Applications";
				PRODUCT_NAME = "SM1Password Sync";
				SEPARATE_STRIP = YES;
				STRIP_STYLE = debugging;
			};
			name = Debug;
		};
		C01FCF4C08A954540054247B /* Release */ = {
			isa = XCBuildConfiguration;
			buildSettings = {
				ALWAYS_SEARCH_USER_PATHS = NO;
				ARCHS = "$(ARCHS_STANDARD_64_BIT)";
				DEBUG_INFORMATION_FORMAT = "dwarf-with-dsym";
				FRAMEWORK_SEARCH_PATHS = (
					"$(inherited)",
					"\"$(SYSTEM_LIBRARY_DIR)/PrivateFrameworks\"",
					"\"$(SRCROOT)/../../Downloads/json-framework-master/build/Release\"",
				);
				GCC_MODEL_TUNING = G5;
				GCC_PRECOMPILE_PREFIX_HEADER = YES;
				GCC_PREFIX_HEADER = SM1Password_Sync_Prefix.pch;
				GCC_VERSION = com.apple.compilers.llvm.clang.1_0;
				INFOPLIST_FILE = "SM1Password_Sync-Info.plist";
				INSTALL_PATH = "$(HOME)/Applications";
				PRODUCT_NAME = "SM1Password Sync";
			};
			name = Release;
		};
		C01FCF4F08A954540054247B /* Debug */ = {
			isa = XCBuildConfiguration;
			buildSettings = {
				ARCHS = "$(ARCHS_STANDARD_32_64_BIT)";
				GCC_C_LANGUAGE_STANDARD = gnu99;
				GCC_OPTIMIZATION_LEVEL = 0;
				GCC_WARN_ABOUT_RETURN_TYPE = YES;
				GCC_WARN_UNUSED_VARIABLE = YES;
				ONLY_ACTIVE_ARCH = YES;
				PREBINDING = NO;
				SDKROOT = macosx10.6;
			};
			name = Debug;
		};
		C01FCF5008A954540054247B /* Release */ = {
			isa = XCBuildConfiguration;
			buildSettings = {
				ARCHS = "$(ARCHS_STANDARD_32_64_BIT)";
				GCC_C_LANGUAGE_STANDARD = gnu99;
				GCC_WARN_ABOUT_RETURN_TYPE = YES;
				GCC_WARN_UNUSED_VARIABLE = YES;
				PREBINDING = NO;
				SDKROOT = macosx10.6;
			};
			name = Release;
		};
/* End XCBuildConfiguration section */

/* Begin XCConfigurationList section */
		2203C0CF16FA1E0C00D961E1 /* Build configuration list for PBXNativeTarget "jsmn" */ = {
			isa = XCConfigurationList;
			buildConfigurations = (
				2203C0BE16FA1DD600D961E1 /* Debug */,
				2203C0BF16FA1DD600D961E1 /* Release */,
			);
			defaultConfigurationIsVisible = 0;
			defaultConfigurationName = Release;
		};
		22412A2F16F7B2C1000DE1D7 /* Build configuration list for PBXNativeTarget "MobileDeviceAccess" */ = {
			isa = XCConfigurationList;
			buildConfigurations = (
				22412A2716F7B28F000DE1D7 /* Debug */,
				22412A2816F7B28F000DE1D7 /* Release */,
			);
			defaultConfigurationIsVisible = 0;
			defaultConfigurationName = Release;
		};
		C01FCF4A08A954540054247B /* Build configuration list for PBXNativeTarget "SM1Password Sync" */ = {
			isa = XCConfigurationList;
			buildConfigurations = (
				C01FCF4B08A954540054247B /* Debug */,
				C01FCF4C08A954540054247B /* Release */,
			);
			defaultConfigurationIsVisible = 0;
			defaultConfigurationName = Release;
		};
		C01FCF4E08A954540054247B /* Build configuration list for PBXProject "SM1Password Sync" */ = {
			isa = XCConfigurationList;
			buildConfigurations = (
				C01FCF4F08A954540054247B /* Debug */,
				C01FCF5008A954540054247B /* Release */,
			);
			defaultConfigurationIsVisible = 0;
			defaultConfigurationName = Release;
		};
/* End XCConfigurationList section */
	};
	rootObject = 29B97313FDCFA39411CA2CEA /* Project object */;
}
